
Microsoft Visual Studio Solution File, Format Version 12.00
# Visual Studio Version 17
VisualStudioVersion = 17.6.33712.159
MinimumVisualStudioVersion = 10.0.40219.1
Project("{FAE04EC0-301F-11D3-BF4B-00C04F79EFBC}") = "GROUP-2(JSON-DATA-CATCH)", "GROUP-2(JSON-DATA-CATCH)\GROUP-2(JSON-DATA-CATCH).csproj", "{1B22723A-9AC7-4F11-A1F8-B3CFC7D91AC1}"
EndProject
Project("{FAE04EC0-301F-11D3-BF4B-00C04F79EFBC}") = "GROUP2_apı_list", "GROUP2_apı_list\GROUP2_apı_list.csproj", "{013D9C0F-1A89-4C57-B0E4-35F8F8B4B282}"
EndProject
Global
	GlobalSection(SolutionConfigurationPlatforms) = preSolution
		Debug|Any CPU = Debug|Any CPU
		Release|Any CPU = Release|Any CPU
	EndGlobalSection
	GlobalSection(ProjectConfigurationPlatforms) = postSolution
		{1B22723A-9AC7-4F11-A1F8-B3CFC7D91AC1}.Debug|Any CPU.ActiveCfg = Debug|Any CPU
		{1B22723A-9AC7-4F11-A1F8-B3CFC7D91AC1}.Debug|Any CPU.Build.0 = Debug|Any CPU
		{1B22723A-9AC7-4F11-A1F8-B3CFC7D91AC1}.Release|Any CPU.ActiveCfg = Release|Any CPU
		{1B22723A-9AC7-4F11-A1F8-B3CFC7D91AC1}.Release|Any CPU.Build.0 = Release|Any CPU
		{013D9C0F-1A89-4C57-B0E4-35F8F8B4B282}.Debug|Any CPU.ActiveCfg = Debug|Any CPU
		{013D9C0F-1A89-4C57-B0E4-35F8F8B4B282}.Debug|Any CPU.Build.0 = Debug|Any CPU
		{013D9C0F-1A89-4C57-B0E4-35F8F8B4B282}.Release|Any CPU.ActiveCfg = Release|Any CPU
		{013D9C0F-1A89-4C57-B0E4-35F8F8B4B282}.Release|Any CPU.Build.0 = Release|Any CPU
	EndGlobalSection
	GlobalSection(SolutionProperties) = preSolution
		HideSolutionNode = FALSE
	EndGlobalSection
	GlobalSection(ExtensibilityGlobals) = postSolution
		SolutionGuid = {69018CB3-0B41-4EF2-AEE6-C773F3184196}
	EndGlobalSection
EndGlobal
