
Microsoft Visual Studio Solution File, Format Version 12.00
# Visual Studio Version 17
VisualStudioVersion = 17.5.33502.453
MinimumVisualStudioVersion = 10.0.40219.1
Project("{FAE04EC0-301F-11D3-BF4B-00C04F79EFBC}") = "GrupMvc", "GrupMvc\GrupMvc.csproj", "{29A3C1C8-29DF-42F0-9B6E-1E2646F68BEA}"
EndProject
Global
	GlobalSection(SolutionConfigurationPlatforms) = preSolution
		Debug|Any CPU = Debug|Any CPU
		Release|Any CPU = Release|Any CPU
	EndGlobalSection
	GlobalSection(ProjectConfigurationPlatforms) = postSolution
		{29A3C1C8-29DF-42F0-9B6E-1E2646F68BEA}.Debug|Any CPU.ActiveCfg = Debug|Any CPU
		{29A3C1C8-29DF-42F0-9B6E-1E2646F68BEA}.Debug|Any CPU.Build.0 = Debug|Any CPU
		{29A3C1C8-29DF-42F0-9B6E-1E2646F68BEA}.Release|Any CPU.ActiveCfg = Release|Any CPU
		{29A3C1C8-29DF-42F0-9B6E-1E2646F68BEA}.Release|Any CPU.Build.0 = Release|Any CPU
	EndGlobalSection
	GlobalSection(SolutionProperties) = preSolution
		HideSolutionNode = FALSE
	EndGlobalSection
	GlobalSection(ExtensibilityGlobals) = postSolution
		SolutionGuid = {9C96C668-894E-4165-8595-44CD1398D42C}
	EndGlobalSection
EndGlobal
