
Microsoft Visual Studio Solution File, Format Version 12.00
# Visual Studio Version 16
VisualStudioVersion = 16.0.33027.164
MinimumVisualStudioVersion = 10.0.40219.1
Project("{FAE04EC0-301F-11D3-BF4B-00C04F79EFBC}") = "wfapiramit", "wfapiramit\wfapiramit.csproj", "{AFFBD03E-C626-4A72-94B6-37302EFD0122}"
EndProject
Global
	GlobalSection(SolutionConfigurationPlatforms) = preSolution
		Debug|Any CPU = Debug|Any CPU
		Release|Any CPU = Release|Any CPU
	EndGlobalSection
	GlobalSection(ProjectConfigurationPlatforms) = postSolution
		{AFFBD03E-C626-4A72-94B6-37302EFD0122}.Debug|Any CPU.ActiveCfg = Debug|Any CPU
		{AFFBD03E-C626-4A72-94B6-37302EFD0122}.Debug|Any CPU.Build.0 = Debug|Any CPU
		{AFFBD03E-C626-4A72-94B6-37302EFD0122}.Release|Any CPU.ActiveCfg = Release|Any CPU
		{AFFBD03E-C626-4A72-94B6-37302EFD0122}.Release|Any CPU.Build.0 = Release|Any CPU
	EndGlobalSection
	GlobalSection(SolutionProperties) = preSolution
		HideSolutionNode = FALSE
	EndGlobalSection
	GlobalSection(ExtensibilityGlobals) = postSolution
		SolutionGuid = {E50C7CD6-EAFB-457E-8EA2-5B18BC8EA188}
	EndGlobalSection
EndGlobal
