
Microsoft Visual Studio Solution File, Format Version 12.00
# Visual Studio Version 17
VisualStudioVersion = 17.4.33213.308
MinimumVisualStudioVersion = 10.0.40219.1
Project("{FAE04EC0-301F-11D3-BF4B-00C04F79EFBC}") = "kutuoyunu", "kutuoyunu\kutuoyunu.csproj", "{DD2673E6-9C7A-42E5-9AAF-4BAF0B317094}"
EndProject
Global
	GlobalSection(SolutionConfigurationPlatforms) = preSolution
		Debug|Any CPU = Debug|Any CPU
		Release|Any CPU = Release|Any CPU
	EndGlobalSection
	GlobalSection(ProjectConfigurationPlatforms) = postSolution
		{DD2673E6-9C7A-42E5-9AAF-4BAF0B317094}.Debug|Any CPU.ActiveCfg = Debug|Any CPU
		{DD2673E6-9C7A-42E5-9AAF-4BAF0B317094}.Debug|Any CPU.Build.0 = Debug|Any CPU
		{DD2673E6-9C7A-42E5-9AAF-4BAF0B317094}.Release|Any CPU.ActiveCfg = Release|Any CPU
		{DD2673E6-9C7A-42E5-9AAF-4BAF0B317094}.Release|Any CPU.Build.0 = Release|Any CPU
	EndGlobalSection
	GlobalSection(SolutionProperties) = preSolution
		HideSolutionNode = FALSE
	EndGlobalSection
	GlobalSection(ExtensibilityGlobals) = postSolution
		SolutionGuid = {ECF0EBDE-7552-443D-8B38-0FB598A13367}
	EndGlobalSection
EndGlobal
