
Microsoft Visual Studio Solution File, Format Version 12.00
# Visual Studio Version 17
VisualStudioVersion = 17.2.32616.157
MinimumVisualStudioVersion = 10.0.40219.1
Project("{9A19103F-16F7-4668-BE54-9A1E7A4F7556}") = "NET6COREMVC", "NET6COREMVC\NET6COREMVC.csproj", "{38AC81E2-53D6-4AF3-86F7-6555A0EE9385}"
EndProject
Project("{9A19103F-16F7-4668-BE54-9A1E7A4F7556}") = "01.NETCORE6MVCGiris", "01.NETCORE6MVCGiris\01.NETCORE6MVCGiris.csproj", "{C10AC160-ABD7-4C49-81EE-1452657F3FFE}"
EndProject
Project("{9A19103F-16F7-4668-BE54-9A1E7A4F7556}") = "02.Uygulama01", "02.Uygulama01\02.Uygulama01.csproj", "{C6C224FC-97D4-4C4B-B7C7-136D9AA38294}"
EndProject
Project("{9A19103F-16F7-4668-BE54-9A1E7A4F7556}") = "03.ModelBinding", "03.ModelBinding\03.ModelBinding.csproj", "{B6B4CF2C-9C4D-4830-B8F3-B4B7403D4E02}"
EndProject
Project("{9A19103F-16F7-4668-BE54-9A1E7A4F7556}") = "04.Action_Filters", "04.Action_Filters\04.Action_Filters.csproj", "{86FFAB7C-9F94-43AA-AE60-A9C5C2E04172}"
EndProject
Project("{9A19103F-16F7-4668-BE54-9A1E7A4F7556}") = "05.JQUERY_AJAX_VALIDATIONS", "05.JQUERY_AJAX_VALIDATIONS\05.JQUERY_AJAX_VALIDATIONS.csproj", "{AD4CDFB2-568B-4249-A12A-C630440FAEF3}"
EndProject
Project("{9A19103F-16F7-4668-BE54-9A1E7A4F7556}") = "06.EFDBFirst_AREAS", "06.EFDBFirst_AREAS\06.EFDBFirst_AREAS.csproj", "{59D8AD4E-2E3F-46FD-9144-B20C2A1BC4DF}"
EndProject
Project("{9A19103F-16F7-4668-BE54-9A1E7A4F7556}") = "07.Routing", "07.Routing\07.Routing.csproj", "{D6196063-952D-4553-A5D9-04E20F76CBF5}"
EndProject
Project("{9A19103F-16F7-4668-BE54-9A1E7A4F7556}") = "08.AJAX_UYGULAMA", "08.AJAX_UYGULAMA\08.AJAX_UYGULAMA.csproj", "{BEC9E791-4D5D-4F93-9A17-D18CEB9F3D3F}"
EndProject
Project("{9A19103F-16F7-4668-BE54-9A1E7A4F7556}") = "09.StateManagement", "09.StateManagement\09.StateManagement.csproj", "{46AD5D6B-8BF5-49B6-8611-C7311A1A8499}"
EndProject
Project("{9A19103F-16F7-4668-BE54-9A1E7A4F7556}") = "10.Identity", "10.Identity\10.Identity.csproj", "{4DD0277C-33D1-4060-9CD5-C16EDCB42D6D}"
EndProject
Project("{9A19103F-16F7-4668-BE54-9A1E7A4F7556}") = "11.IdentityUygulama", "11.IdentityUygulama\11.IdentityUygulama.csproj", "{680BD858-9521-4950-A59B-B0EA3A0566FE}"
EndProject
Project("{FAE04EC0-301F-11D3-BF4B-00C04F79EFBC}") = "MyCompany.Management.Service", "MyCompany.Management.Service\MyCompany.Management.Service.csproj", "{AD61B262-DABA-47F3-9DDA-2EA751B88188}"
EndProject
Global
	GlobalSection(SolutionConfigurationPlatforms) = preSolution
		Debug|Any CPU = Debug|Any CPU
		Release|Any CPU = Release|Any CPU
	EndGlobalSection
	GlobalSection(ProjectConfigurationPlatforms) = postSolution
		{38AC81E2-53D6-4AF3-86F7-6555A0EE9385}.Debug|Any CPU.ActiveCfg = Debug|Any CPU
		{38AC81E2-53D6-4AF3-86F7-6555A0EE9385}.Debug|Any CPU.Build.0 = Debug|Any CPU
		{38AC81E2-53D6-4AF3-86F7-6555A0EE9385}.Release|Any CPU.ActiveCfg = Release|Any CPU
		{38AC81E2-53D6-4AF3-86F7-6555A0EE9385}.Release|Any CPU.Build.0 = Release|Any CPU
		{C10AC160-ABD7-4C49-81EE-1452657F3FFE}.Debug|Any CPU.ActiveCfg = Debug|Any CPU
		{C10AC160-ABD7-4C49-81EE-1452657F3FFE}.Debug|Any CPU.Build.0 = Debug|Any CPU
		{C10AC160-ABD7-4C49-81EE-1452657F3FFE}.Release|Any CPU.ActiveCfg = Release|Any CPU
		{C10AC160-ABD7-4C49-81EE-1452657F3FFE}.Release|Any CPU.Build.0 = Release|Any CPU
		{C6C224FC-97D4-4C4B-B7C7-136D9AA38294}.Debug|Any CPU.ActiveCfg = Debug|Any CPU
		{C6C224FC-97D4-4C4B-B7C7-136D9AA38294}.Debug|Any CPU.Build.0 = Debug|Any CPU
		{C6C224FC-97D4-4C4B-B7C7-136D9AA38294}.Release|Any CPU.ActiveCfg = Release|Any CPU
		{C6C224FC-97D4-4C4B-B7C7-136D9AA38294}.Release|Any CPU.Build.0 = Release|Any CPU
		{B6B4CF2C-9C4D-4830-B8F3-B4B7403D4E02}.Debug|Any CPU.ActiveCfg = Debug|Any CPU
		{B6B4CF2C-9C4D-4830-B8F3-B4B7403D4E02}.Debug|Any CPU.Build.0 = Debug|Any CPU
		{B6B4CF2C-9C4D-4830-B8F3-B4B7403D4E02}.Release|Any CPU.ActiveCfg = Release|Any CPU
		{B6B4CF2C-9C4D-4830-B8F3-B4B7403D4E02}.Release|Any CPU.Build.0 = Release|Any CPU
		{86FFAB7C-9F94-43AA-AE60-A9C5C2E04172}.Debug|Any CPU.ActiveCfg = Debug|Any CPU
		{86FFAB7C-9F94-43AA-AE60-A9C5C2E04172}.Debug|Any CPU.Build.0 = Debug|Any CPU
		{86FFAB7C-9F94-43AA-AE60-A9C5C2E04172}.Release|Any CPU.ActiveCfg = Release|Any CPU
		{86FFAB7C-9F94-43AA-AE60-A9C5C2E04172}.Release|Any CPU.Build.0 = Release|Any CPU
		{AD4CDFB2-568B-4249-A12A-C630440FAEF3}.Debug|Any CPU.ActiveCfg = Debug|Any CPU
		{AD4CDFB2-568B-4249-A12A-C630440FAEF3}.Debug|Any CPU.Build.0 = Debug|Any CPU
		{AD4CDFB2-568B-4249-A12A-C630440FAEF3}.Release|Any CPU.ActiveCfg = Release|Any CPU
		{AD4CDFB2-568B-4249-A12A-C630440FAEF3}.Release|Any CPU.Build.0 = Release|Any CPU
		{59D8AD4E-2E3F-46FD-9144-B20C2A1BC4DF}.Debug|Any CPU.ActiveCfg = Debug|Any CPU
		{59D8AD4E-2E3F-46FD-9144-B20C2A1BC4DF}.Debug|Any CPU.Build.0 = Debug|Any CPU
		{59D8AD4E-2E3F-46FD-9144-B20C2A1BC4DF}.Release|Any CPU.ActiveCfg = Release|Any CPU
		{59D8AD4E-2E3F-46FD-9144-B20C2A1BC4DF}.Release|Any CPU.Build.0 = Release|Any CPU
		{D6196063-952D-4553-A5D9-04E20F76CBF5}.Debug|Any CPU.ActiveCfg = Debug|Any CPU
		{D6196063-952D-4553-A5D9-04E20F76CBF5}.Debug|Any CPU.Build.0 = Debug|Any CPU
		{D6196063-952D-4553-A5D9-04E20F76CBF5}.Release|Any CPU.ActiveCfg = Release|Any CPU
		{D6196063-952D-4553-A5D9-04E20F76CBF5}.Release|Any CPU.Build.0 = Release|Any CPU
		{BEC9E791-4D5D-4F93-9A17-D18CEB9F3D3F}.Debug|Any CPU.ActiveCfg = Debug|Any CPU
		{BEC9E791-4D5D-4F93-9A17-D18CEB9F3D3F}.Debug|Any CPU.Build.0 = Debug|Any CPU
		{BEC9E791-4D5D-4F93-9A17-D18CEB9F3D3F}.Release|Any CPU.ActiveCfg = Release|Any CPU
		{BEC9E791-4D5D-4F93-9A17-D18CEB9F3D3F}.Release|Any CPU.Build.0 = Release|Any CPU
		{46AD5D6B-8BF5-49B6-8611-C7311A1A8499}.Debug|Any CPU.ActiveCfg = Debug|Any CPU
		{46AD5D6B-8BF5-49B6-8611-C7311A1A8499}.Debug|Any CPU.Build.0 = Debug|Any CPU
		{46AD5D6B-8BF5-49B6-8611-C7311A1A8499}.Release|Any CPU.ActiveCfg = Release|Any CPU
		{46AD5D6B-8BF5-49B6-8611-C7311A1A8499}.Release|Any CPU.Build.0 = Release|Any CPU
		{4DD0277C-33D1-4060-9CD5-C16EDCB42D6D}.Debug|Any CPU.ActiveCfg = Debug|Any CPU
		{4DD0277C-33D1-4060-9CD5-C16EDCB42D6D}.Debug|Any CPU.Build.0 = Debug|Any CPU
		{4DD0277C-33D1-4060-9CD5-C16EDCB42D6D}.Release|Any CPU.ActiveCfg = Release|Any CPU
		{4DD0277C-33D1-4060-9CD5-C16EDCB42D6D}.Release|Any CPU.Build.0 = Release|Any CPU
		{680BD858-9521-4950-A59B-B0EA3A0566FE}.Debug|Any CPU.ActiveCfg = Debug|Any CPU
		{680BD858-9521-4950-A59B-B0EA3A0566FE}.Debug|Any CPU.Build.0 = Debug|Any CPU
		{680BD858-9521-4950-A59B-B0EA3A0566FE}.Release|Any CPU.ActiveCfg = Release|Any CPU
		{680BD858-9521-4950-A59B-B0EA3A0566FE}.Release|Any CPU.Build.0 = Release|Any CPU
		{AD61B262-DABA-47F3-9DDA-2EA751B88188}.Debug|Any CPU.ActiveCfg = Debug|Any CPU
		{AD61B262-DABA-47F3-9DDA-2EA751B88188}.Debug|Any CPU.Build.0 = Debug|Any CPU
		{AD61B262-DABA-47F3-9DDA-2EA751B88188}.Release|Any CPU.ActiveCfg = Release|Any CPU
		{AD61B262-DABA-47F3-9DDA-2EA751B88188}.Release|Any CPU.Build.0 = Release|Any CPU
	EndGlobalSection
	GlobalSection(SolutionProperties) = preSolution
		HideSolutionNode = FALSE
	EndGlobalSection
	GlobalSection(ExtensibilityGlobals) = postSolution
		SolutionGuid = {DFFC0193-D331-43E8-831C-01B81A00A88B}
	EndGlobalSection
EndGlobal
